
Microsoft Visual Studio Solution File, Format Version 12.00
# Visual Studio 15
Project("{FAE04EC0-301F-11D3-BF4B-00C04F79EFBC}") = "Assembly-CSharp", "Assembly-CSharp.csproj", "{A578CD3A-E38E-FD03-A592-A157FC7147DD}"
EndProject
Project("{FAE04EC0-301F-11D3-BF4B-00C04F79EFBC}") = "Assembly-CSharp-firstpass", "Assembly-CSharp-firstpass.csproj", "{E72DA397-25AB-8A1B-6BA1-384539F8EA29}"
EndProject
Project("{FAE04EC0-301F-11D3-BF4B-00C04F79EFBC}") = "Assembly-CSharp-Editor-firstpass", "Assembly-CSharp-Editor-firstpass.csproj", "{E027C898-0631-99AB-903D-010841B78034}"
EndProject
Project("{FAE04EC0-301F-11D3-BF4B-00C04F79EFBC}") = "Assembly-CSharp-Editor", "Assembly-CSharp-Editor.csproj", "{D83D0308-0154-2ADA-DEE1-23F022BF41F0}"
EndProject
Global
	GlobalSection(SolutionConfigurationPlatforms) = preSolution
		Debug|Any CPU = Debug|Any CPU
		Release|Any CPU = Release|Any CPU
	EndGlobalSection
	GlobalSection(ProjectConfigurationPlatforms) = postSolution
		{A578CD3A-E38E-FD03-A592-A157FC7147DD}.Debug|Any CPU.ActiveCfg = Debug|Any CPU
		{A578CD3A-E38E-FD03-A592-A157FC7147DD}.Debug|Any CPU.Build.0 = Debug|Any CPU
		{A578CD3A-E38E-FD03-A592-A157FC7147DD}.Release|Any CPU.ActiveCfg = Release|Any CPU
		{A578CD3A-E38E-FD03-A592-A157FC7147DD}.Release|Any CPU.Build.0 = Release|Any CPU
		{E72DA397-25AB-8A1B-6BA1-384539F8EA29}.Debug|Any CPU.ActiveCfg = Debug|Any CPU
		{E72DA397-25AB-8A1B-6BA1-384539F8EA29}.Debug|Any CPU.Build.0 = Debug|Any CPU
		{E72DA397-25AB-8A1B-6BA1-384539F8EA29}.Release|Any CPU.ActiveCfg = Release|Any CPU
		{E72DA397-25AB-8A1B-6BA1-384539F8EA29}.Release|Any CPU.Build.0 = Release|Any CPU
		{E027C898-0631-99AB-903D-010841B78034}.Debug|Any CPU.ActiveCfg = Debug|Any CPU
		{E027C898-0631-99AB-903D-010841B78034}.Debug|Any CPU.Build.0 = Debug|Any CPU
		{E027C898-0631-99AB-903D-010841B78034}.Release|Any CPU.ActiveCfg = Release|Any CPU
		{E027C898-0631-99AB-903D-010841B78034}.Release|Any CPU.Build.0 = Release|Any CPU
		{D83D0308-0154-2ADA-DEE1-23F022BF41F0}.Debug|Any CPU.ActiveCfg = Debug|Any CPU
		{D83D0308-0154-2ADA-DEE1-23F022BF41F0}.Debug|Any CPU.Build.0 = Debug|Any CPU
		{D83D0308-0154-2ADA-DEE1-23F022BF41F0}.Release|Any CPU.ActiveCfg = Release|Any CPU
		{D83D0308-0154-2ADA-DEE1-23F022BF41F0}.Release|Any CPU.Build.0 = Release|Any CPU
	EndGlobalSection
	GlobalSection(SolutionProperties) = preSolution
		HideSolutionNode = FALSE
	EndGlobalSection
EndGlobal
